
Microsoft Visual Studio Solution File, Format Version 12.00
# Visual Studio 15
Project("{FAE04EC0-301F-11D3-BF4B-00C04F79EFBC}") = "Unity.Timeline", "Unity.Timeline.csproj", "{1F909E26-200F-6D9D-1F9F-FB41A2444DB7}"
EndProject
Project("{FAE04EC0-301F-11D3-BF4B-00C04F79EFBC}") = "Unity.ShaderGraph.Editor", "Unity.ShaderGraph.Editor.csproj", "{3876045C-9655-DE2C-A26A-F2E707DAACE9}"
EndProject
Project("{FAE04EC0-301F-11D3-BF4B-00C04F79EFBC}") = "Unity.PlasticSCM.Editor", "Unity.PlasticSCM.Editor.csproj", "{77FAE476-7754-BE6A-EE12-097BF35726C3}"
EndProject
Project("{FAE04EC0-301F-11D3-BF4B-00C04F79EFBC}") = "Unity.2D.Aseprite.Editor", "Unity.2D.Aseprite.Editor.csproj", "{F84744AE-464F-1A24-319C-F03B685B951A}"
EndProject
Project("{FAE04EC0-301F-11D3-BF4B-00C04F79EFBC}") = "Unity.VisualScripting.Flow", "Unity.VisualScripting.Flow.csproj", "{BB090F19-BABC-368B-5028-0F8B24A6D181}"
EndProject
Project("{FAE04EC0-301F-11D3-BF4B-00C04F79EFBC}") = "Unity.RenderPipelines.Universal.Runtime", "Unity.RenderPipelines.Universal.Runtime.csproj", "{9AD816C0-D63C-88C2-EAE4-8D14AEBE4DDA}"
EndProject
Project("{FAE04EC0-301F-11D3-BF4B-00C04F79EFBC}") = "UnityEditor.UI", "UnityEditor.UI.csproj", "{BABD31C6-E617-B053-4790-71D70F71600E}"
EndProject
Project("{FAE04EC0-301F-11D3-BF4B-00C04F79EFBC}") = "Unity.Timeline.Editor", "Unity.Timeline.Editor.csproj", "{37206178-0168-D7C1-16E4-4B9F31292331}"
EndProject
Project("{FAE04EC0-301F-11D3-BF4B-00C04F79EFBC}") = "Unity.RenderPipelines.Core.Runtime", "Unity.RenderPipelines.Core.Runtime.csproj", "{6BCB480C-5F26-2B69-4BE1-1BCB42AA0243}"
EndProject
Project("{FAE04EC0-301F-11D3-BF4B-00C04F79EFBC}") = "Unity.Mathematics", "Unity.Mathematics.csproj", "{4FD7FC10-A947-E0F1-C6A6-EA979137C1B7}"
EndProject
Project("{FAE04EC0-301F-11D3-BF4B-00C04F79EFBC}") = "Unity.RenderPipelines.Core.Editor", "Unity.RenderPipelines.Core.Editor.csproj", "{EAFD3C19-B71B-8E5F-B9BF-497E2A5DA1E1}"
EndProject
Project("{FAE04EC0-301F-11D3-BF4B-00C04F79EFBC}") = "Unity.2D.Common.Path.Editor", "Unity.2D.Common.Path.Editor.csproj", "{ABE0C1E0-CE7D-9762-684D-67D975846664}"
EndProject
Project("{FAE04EC0-301F-11D3-BF4B-00C04F79EFBC}") = "Unity.2D.Psdimporter.Editor", "Unity.2D.Psdimporter.Editor.csproj", "{684E933D-BC1B-B3F8-08CA-16612268F60C}"
EndProject
Project("{FAE04EC0-301F-11D3-BF4B-00C04F79EFBC}") = "Unity.VisualScripting.Core.Editor", "Unity.VisualScripting.Core.Editor.csproj", "{3FA000A4-97C2-4BF6-6AD1-D19143A4C48C}"
EndProject
Project("{FAE04EC0-301F-11D3-BF4B-00C04F79EFBC}") = "Unity.2D.IK.Runtime", "Unity.2D.IK.Runtime.csproj", "{6668A3F1-EF95-A700-C4FB-5AB5CEF24945}"
EndProject
Project("{FAE04EC0-301F-11D3-BF4B-00C04F79EFBC}") = "UnityEditor.TestRunner", "UnityEditor.TestRunner.csproj", "{168EFB2B-3170-82FB-E460-27EAF418E9A2}"
EndProject
Project("{FAE04EC0-301F-11D3-BF4B-00C04F79EFBC}") = "Unity.RenderPipelines.Universal.Editor", "Unity.RenderPipelines.Universal.Editor.csproj", "{8532F7E9-7EA6-FE39-E9CB-1F3CF24C01A2}"
EndProject
Project("{FAE04EC0-301F-11D3-BF4B-00C04F79EFBC}") = "Unity.TextMeshPro.Editor", "Unity.TextMeshPro.Editor.csproj", "{F13B6F57-9D2A-E030-53A4-BF8914975014}"
EndProject
Project("{FAE04EC0-301F-11D3-BF4B-00C04F79EFBC}") = "Unity.VisualScripting.Flow.Editor", "Unity.VisualScripting.Flow.Editor.csproj", "{6B9E12DB-F5CF-2009-D4BF-C62BDA025B20}"
EndProject
Project("{FAE04EC0-301F-11D3-BF4B-00C04F79EFBC}") = "UnityEngine.TestRunner", "UnityEngine.TestRunner.csproj", "{A6CAEA49-166D-4B31-3882-F03404CE4898}"
EndProject
Project("{FAE04EC0-301F-11D3-BF4B-00C04F79EFBC}") = "Unity.VisualScripting.Core", "Unity.VisualScripting.Core.csproj", "{1E5FFAC7-079D-D63C-A4EC-9AD5DC458248}"
EndProject
Project("{FAE04EC0-301F-11D3-BF4B-00C04F79EFBC}") = "Unity.2D.Tilemap.Editor", "Unity.2D.Tilemap.Editor.csproj", "{6E20BE20-0C64-4FB2-18B1-0A923CC09268}"
EndProject
Project("{FAE04EC0-301F-11D3-BF4B-00C04F79EFBC}") = "Unity.Searcher.Editor", "Unity.Searcher.Editor.csproj", "{8FA7FE7E-A04C-5465-A77F-0009D3EB0754}"
EndProject
Project("{FAE04EC0-301F-11D3-BF4B-00C04F79EFBC}") = "Unity.Burst", "Unity.Burst.csproj", "{B33689E0-190D-338C-27C0-A7B5B553C7CE}"
EndProject
Project("{FAE04EC0-301F-11D3-BF4B-00C04F79EFBC}") = "PsdPlugin", "PsdPlugin.csproj", "{339AC1B8-9896-4EB6-CF36-B2F2CA063557}"
EndProject
Project("{FAE04EC0-301F-11D3-BF4B-00C04F79EFBC}") = "Unity.Collections", "Unity.Collections.csproj", "{53115554-E2DB-1D4F-3C65-5425ADCD24B3}"
EndProject
Project("{FAE04EC0-301F-11D3-BF4B-00C04F79EFBC}") = "Unity.2D.Animation.Editor", "Unity.2D.Animation.Editor.csproj", "{ECE77C61-31FD-A71C-2465-C36CC78C89F3}"
EndProject
Project("{FAE04EC0-301F-11D3-BF4B-00C04F79EFBC}") = "Unity.2D.SpriteShape.Editor", "Unity.2D.SpriteShape.Editor.csproj", "{F823A48B-1377-D575-7344-06ADE8198A2F}"
EndProject
Project("{FAE04EC0-301F-11D3-BF4B-00C04F79EFBC}") = "Unity.VisualStudio.Editor", "Unity.VisualStudio.Editor.csproj", "{72990099-C4CA-07C2-B00E-67232CB51651}"
EndProject
Project("{FAE04EC0-301F-11D3-BF4B-00C04F79EFBC}") = "PPv2URPConverters", "PPv2URPConverters.csproj", "{2926EF28-13D8-5381-68D9-BA9CA1DBBF1A}"
EndProject
Project("{FAE04EC0-301F-11D3-BF4B-00C04F79EFBC}") = "Unity.Rider.Editor", "Unity.Rider.Editor.csproj", "{B7B02D49-C98B-DBCF-093A-E480C163CD1F}"
EndProject
Project("{FAE04EC0-301F-11D3-BF4B-00C04F79EFBC}") = "Unity.InternalAPIEditorBridge.001", "Unity.InternalAPIEditorBridge.001.csproj", "{245F9940-B6B3-1A1B-EF85-9CB05F8DC567}"
EndProject
Project("{FAE04EC0-301F-11D3-BF4B-00C04F79EFBC}") = "Unity.2D.SpriteShape.Runtime", "Unity.2D.SpriteShape.Runtime.csproj", "{85324276-0C9E-E210-2275-D8011B04E561}"
EndProject
Project("{FAE04EC0-301F-11D3-BF4B-00C04F79EFBC}") = "Unity.CollabProxy.Editor", "Unity.CollabProxy.Editor.csproj", "{8E597C44-66DA-9715-E9B5-5F856674EB5A}"
EndProject
Project("{FAE04EC0-301F-11D3-BF4B-00C04F79EFBC}") = "Unity.VisualScripting.State.Editor", "Unity.VisualScripting.State.Editor.csproj", "{8544BB22-1974-AADE-54F4-F4F18E9A8BB1}"
EndProject
Project("{FAE04EC0-301F-11D3-BF4B-00C04F79EFBC}") = "UnityEngine.UI", "UnityEngine.UI.csproj", "{12219EE6-0258-E7D2-96A2-91DDDF939DDF}"
EndProject
Project("{FAE04EC0-301F-11D3-BF4B-00C04F79EFBC}") = "Unity.Burst.CodeGen", "Unity.Burst.CodeGen.csproj", "{F4C8DFA9-45B6-64B8-4BDB-965B10048AF3}"
EndProject
Project("{FAE04EC0-301F-11D3-BF4B-00C04F79EFBC}") = "Unity.RenderPipeline.Universal.ShaderLibrary", "Unity.RenderPipeline.Universal.ShaderLibrary.csproj", "{3E63B144-C4B8-724C-F1C0-5F24CD7E2F34}"
EndProject
Project("{FAE04EC0-301F-11D3-BF4B-00C04F79EFBC}") = "Unity.VisualScripting.State", "Unity.VisualScripting.State.csproj", "{0EC64C66-A0CE-0436-040D-7735A40FF052}"
EndProject
Project("{FAE04EC0-301F-11D3-BF4B-00C04F79EFBC}") = "Assembly-CSharp", "Assembly-CSharp.csproj", "{46BBC812-A302-92F5-48A5-A1280EB844B8}"
EndProject
Project("{FAE04EC0-301F-11D3-BF4B-00C04F79EFBC}") = "Unity.TextMeshPro", "Unity.TextMeshPro.csproj", "{068D8DDD-F7E3-E309-E8A5-B0ED07F43AC3}"
EndProject
Project("{FAE04EC0-301F-11D3-BF4B-00C04F79EFBC}") = "Unity.2D.Tilemap.Extras.Editor", "Unity.2D.Tilemap.Extras.Editor.csproj", "{9DD6D796-8845-C4E9-89E4-6AFCC5B0251C}"
EndProject
Project("{FAE04EC0-301F-11D3-BF4B-00C04F79EFBC}") = "Unity.2D.Animation.Runtime", "Unity.2D.Animation.Runtime.csproj", "{80224A2F-A96E-434E-6AB4-32D50F90FDE2}"
EndProject
Project("{FAE04EC0-301F-11D3-BF4B-00C04F79EFBC}") = "Unity.VisualScripting.SettingsProvider.Editor", "Unity.VisualScripting.SettingsProvider.Editor.csproj", "{1C4AE1F4-C8D4-0F6F-F246-DF80CE0DAAB6}"
EndProject
Project("{FAE04EC0-301F-11D3-BF4B-00C04F79EFBC}") = "Unity.VSCode.Editor", "Unity.VSCode.Editor.csproj", "{76A6AD52-C2E5-46CD-95F5-2EF398477640}"
EndProject
Project("{FAE04EC0-301F-11D3-BF4B-00C04F79EFBC}") = "Unity.2D.IK.Editor", "Unity.2D.IK.Editor.csproj", "{54B8957B-EDF3-9E38-36E0-F752FCCE82FB}"
EndProject
Project("{FAE04EC0-301F-11D3-BF4B-00C04F79EFBC}") = "Unity.InternalAPIEngineBridge.001", "Unity.InternalAPIEngineBridge.001.csproj", "{0106E57D-05DE-B8B4-461A-72F36A12DA2D}"
EndProject
Project("{FAE04EC0-301F-11D3-BF4B-00C04F79EFBC}") = "Unity.2D.Aseprite.Common", "Unity.2D.Aseprite.Common.csproj", "{DD46135D-8C4A-2986-6FB4-8A003A1F6C8F}"
EndProject
Project("{FAE04EC0-301F-11D3-BF4B-00C04F79EFBC}") = "Unity.Burst.Editor", "Unity.Burst.Editor.csproj", "{8AF5D1E5-E52C-DE08-673A-0E37C7B85736}"
EndProject
Project("{FAE04EC0-301F-11D3-BF4B-00C04F79EFBC}") = "Unity.2D.Common.Editor", "Unity.2D.Common.Editor.csproj", "{AC826A04-88A1-9670-7265-D556508789FF}"
EndProject
Project("{FAE04EC0-301F-11D3-BF4B-00C04F79EFBC}") = "Nobi.UiRoundedCorners.Editor", "Nobi.UiRoundedCorners.Editor.csproj", "{CDAF6BA2-3EC2-04AD-907B-C50E36C80F4C}"
EndProject
Project("{FAE04EC0-301F-11D3-BF4B-00C04F79EFBC}") = "Unity.2D.PixelPerfect", "Unity.2D.PixelPerfect.csproj", "{41A697E9-7C3C-9C25-1458-2B8C6321ED96}"
EndProject
Project("{FAE04EC0-301F-11D3-BF4B-00C04F79EFBC}") = "Unity.2D.PixelPerfect.Editor", "Unity.2D.PixelPerfect.Editor.csproj", "{40A3F150-F62D-9D05-4F15-9A39D90BA3BC}"
EndProject
Project("{FAE04EC0-301F-11D3-BF4B-00C04F79EFBC}") = "Unity.2D.Common.Runtime", "Unity.2D.Common.Runtime.csproj", "{C5979A07-1E03-C748-AB2A-B8FBA1517C66}"
EndProject
Project("{FAE04EC0-301F-11D3-BF4B-00C04F79EFBC}") = "Unity.2D.Sprite.Editor", "Unity.2D.Sprite.Editor.csproj", "{53BEEC26-8F0B-8DE9-64FF-48445E7FD116}"
EndProject
Project("{FAE04EC0-301F-11D3-BF4B-00C04F79EFBC}") = "Unity.Mathematics.Editor", "Unity.Mathematics.Editor.csproj", "{EA49C56E-E401-0B6A-DBD2-02A60DCF951F}"
EndProject
Project("{FAE04EC0-301F-11D3-BF4B-00C04F79EFBC}") = "Unity.2D.Tilemap.Extras", "Unity.2D.Tilemap.Extras.csproj", "{BE940713-8568-11D1-DB93-911D46174F49}"
EndProject
Project("{FAE04EC0-301F-11D3-BF4B-00C04F79EFBC}") = "Unity.InternalAPIEditorBridge.005", "Unity.InternalAPIEditorBridge.005.csproj", "{D658B494-9E30-B43A-F3FB-B971CFADBD8A}"
EndProject
Project("{FAE04EC0-301F-11D3-BF4B-00C04F79EFBC}") = "Unity.ShaderGraph.Utilities", "Unity.ShaderGraph.Utilities.csproj", "{5AE24277-B44A-A938-0ED5-6C98194587FF}"
EndProject
Project("{FAE04EC0-301F-11D3-BF4B-00C04F79EFBC}") = "Unity.VisualScripting.Shared.Editor", "Unity.VisualScripting.Shared.Editor.csproj", "{78C724FA-A826-2B2E-575A-75F977D80AE9}"
EndProject
Project("{FAE04EC0-301F-11D3-BF4B-00C04F79EFBC}") = "Unity.Collections.DocCodeSamples", "Unity.Collections.DocCodeSamples.csproj", "{9ED98D1D-5B54-1435-BB3A-56EE0BCEA99E}"
EndProject
Project("{FAE04EC0-301F-11D3-BF4B-00C04F79EFBC}") = "Nobi.UiRoundedCorners", "Nobi.UiRoundedCorners.csproj", "{1C928C4F-390C-0D8A-B24D-C3D34DDE2B42}"
EndProject
Project("{FAE04EC0-301F-11D3-BF4B-00C04F79EFBC}") = "Unity.Collections.BurstCompatibilityGen", "Unity.Collections.BurstCompatibilityGen.csproj", "{C5CE5776-EB82-019F-7D0F-24AE9B3D7802}"
EndProject
Project("{FAE04EC0-301F-11D3-BF4B-00C04F79EFBC}") = "Unity.RenderPipelines.Universal.Config.Runtime", "Unity.RenderPipelines.Universal.Config.Runtime.csproj", "{FEEFAA35-0675-92D4-BDEB-FA79FE585D10}"
EndProject
Project("{FAE04EC0-301F-11D3-BF4B-00C04F79EFBC}") = "Unity.RenderPipelines.ShaderGraph.ShaderGraphLibrary", "Unity.RenderPipelines.ShaderGraph.ShaderGraphLibrary.csproj", "{C159E2E4-E8C6-B28D-1C70-C896525E3808}"
EndProject
Project("{FAE04EC0-301F-11D3-BF4B-00C04F79EFBC}") = "Unity.RenderPipelines.Core.ShaderLibrary", "Unity.RenderPipelines.Core.ShaderLibrary.csproj", "{49C035BD-E6E3-5C50-18C1-89A9B4DF5BC6}"
EndProject
Project("{FAE04EC0-301F-11D3-BF4B-00C04F79EFBC}") = "Unity.RenderPipelines.Universal.Shaders", "Unity.RenderPipelines.Universal.Shaders.csproj", "{00E9855F-32A5-CDFE-45FB-8D726CFAF035}"
EndProject
Project("{FAE04EC0-301F-11D3-BF4B-00C04F79EFBC}") = "Unity.Timeline", "Unity.Timeline.Player.csproj", "{4C549443-C188-A65F-703F-F6BBF9C81998}"
EndProject
Project("{FAE04EC0-301F-11D3-BF4B-00C04F79EFBC}") = "Unity.VisualScripting.Flow", "Unity.VisualScripting.Flow.Player.csproj", "{D17182DC-3FB0-617F-7BD9-9807C301BA41}"
EndProject
Project("{FAE04EC0-301F-11D3-BF4B-00C04F79EFBC}") = "Unity.RenderPipelines.Universal.Runtime", "Unity.RenderPipelines.Universal.Runtime.Player.csproj", "{E8264715-8046-2A1C-319E-FCAEA3FD192A}"
EndProject
Project("{FAE04EC0-301F-11D3-BF4B-00C04F79EFBC}") = "Unity.RenderPipelines.Core.Runtime", "Unity.RenderPipelines.Core.Runtime.Player.csproj", "{7DFE18D2-2998-674F-92BE-0F28E996B158}"
EndProject
Project("{FAE04EC0-301F-11D3-BF4B-00C04F79EFBC}") = "Unity.Mathematics", "Unity.Mathematics.Player.csproj", "{DD171BAE-5FFB-6620-95CE-FC5A1E78CE4E}"
EndProject
Project("{FAE04EC0-301F-11D3-BF4B-00C04F79EFBC}") = "Unity.2D.IK.Runtime", "Unity.2D.IK.Runtime.Player.csproj", "{AB778F03-7725-AC90-8DD8-F738A7959FE4}"
EndProject
Project("{FAE04EC0-301F-11D3-BF4B-00C04F79EFBC}") = "UnityEngine.TestRunner", "UnityEngine.TestRunner.Player.csproj", "{E5B7BB8D-3DCA-C8F7-37D3-BA2422D06270}"
EndProject
Project("{FAE04EC0-301F-11D3-BF4B-00C04F79EFBC}") = "Unity.VisualScripting.Core", "Unity.VisualScripting.Core.Player.csproj", "{0CA87778-48FA-7678-F715-DEAB189FA4DC}"
EndProject
Project("{FAE04EC0-301F-11D3-BF4B-00C04F79EFBC}") = "Unity.Burst", "Unity.Burst.Player.csproj", "{086142D0-3E6B-D61F-7C3D-7B7D01CC142C}"
EndProject
Project("{FAE04EC0-301F-11D3-BF4B-00C04F79EFBC}") = "Unity.Collections", "Unity.Collections.Player.csproj", "{67AB54E2-2431-1EAB-BE8D-57E0B77E55C2}"
EndProject
Project("{FAE04EC0-301F-11D3-BF4B-00C04F79EFBC}") = "Unity.2D.SpriteShape.Runtime", "Unity.2D.SpriteShape.Runtime.Player.csproj", "{70F6CC32-052B-DDA5-A27F-CBEF2096F1D9}"
EndProject
Project("{FAE04EC0-301F-11D3-BF4B-00C04F79EFBC}") = "UnityEngine.UI", "UnityEngine.UI.Player.csproj", "{0A648E98-3C7E-9E0B-C929-7ED04BA07343}"
EndProject
Project("{FAE04EC0-301F-11D3-BF4B-00C04F79EFBC}") = "Unity.RenderPipeline.Universal.ShaderLibrary", "Unity.RenderPipeline.Universal.ShaderLibrary.Player.csproj", "{9C488413-0DB8-6334-19AA-D7673BE4E49B}"
EndProject
Project("{FAE04EC0-301F-11D3-BF4B-00C04F79EFBC}") = "Unity.VisualScripting.State", "Unity.VisualScripting.State.Player.csproj", "{811181ED-F252-3545-74E2-1BEDF0842BAD}"
EndProject
Project("{FAE04EC0-301F-11D3-BF4B-00C04F79EFBC}") = "Assembly-CSharp", "Assembly-CSharp.Player.csproj", "{7A3C6B50-953C-1DCD-028A-EEA360764C91}"
EndProject
Project("{FAE04EC0-301F-11D3-BF4B-00C04F79EFBC}") = "Unity.TextMeshPro", "Unity.TextMeshPro.Player.csproj", "{E6FCBE4A-B84F-10E0-96B4-85DA5A3079B6}"
EndProject
Project("{FAE04EC0-301F-11D3-BF4B-00C04F79EFBC}") = "Unity.2D.Animation.Runtime", "Unity.2D.Animation.Runtime.Player.csproj", "{FE9E3838-8B38-29CB-1F6C-B28CF0E836DD}"
EndProject
Project("{FAE04EC0-301F-11D3-BF4B-00C04F79EFBC}") = "Unity.InternalAPIEngineBridge.001", "Unity.InternalAPIEngineBridge.001.Player.csproj", "{0E23B923-3701-A60C-D4CD-7B05DB772A5E}"
EndProject
Project("{FAE04EC0-301F-11D3-BF4B-00C04F79EFBC}") = "Unity.2D.PixelPerfect", "Unity.2D.PixelPerfect.Player.csproj", "{AE02764C-803B-4156-7C83-39D03D9F6172}"
EndProject
Project("{FAE04EC0-301F-11D3-BF4B-00C04F79EFBC}") = "Unity.2D.Common.Runtime", "Unity.2D.Common.Runtime.Player.csproj", "{0297B875-71E5-449D-0769-1DEC32DBFC61}"
EndProject
Project("{FAE04EC0-301F-11D3-BF4B-00C04F79EFBC}") = "Unity.2D.Tilemap.Extras", "Unity.2D.Tilemap.Extras.Player.csproj", "{54BD20EB-AB45-6F4C-F776-A721608DD199}"
EndProject
Project("{FAE04EC0-301F-11D3-BF4B-00C04F79EFBC}") = "Nobi.UiRoundedCorners", "Nobi.UiRoundedCorners.Player.csproj", "{F8735D55-FF1D-8D64-238D-E52AA28AB6EF}"
EndProject
Project("{FAE04EC0-301F-11D3-BF4B-00C04F79EFBC}") = "Unity.RenderPipelines.Universal.Config.Runtime", "Unity.RenderPipelines.Universal.Config.Runtime.Player.csproj", "{FE3503CF-AE47-EC9C-5B92-9E071D6C089A}"
EndProject
Project("{FAE04EC0-301F-11D3-BF4B-00C04F79EFBC}") = "Unity.RenderPipelines.ShaderGraph.ShaderGraphLibrary", "Unity.RenderPipelines.ShaderGraph.ShaderGraphLibrary.Player.csproj", "{595AE98F-7ACF-75CA-EB2B-DDB03FB18983}"
EndProject
Project("{FAE04EC0-301F-11D3-BF4B-00C04F79EFBC}") = "Unity.RenderPipelines.Core.ShaderLibrary", "Unity.RenderPipelines.Core.ShaderLibrary.Player.csproj", "{3CD7680E-F489-ABE5-5A03-B0D3A917375C}"
EndProject
Project("{FAE04EC0-301F-11D3-BF4B-00C04F79EFBC}") = "Unity.RenderPipelines.Universal.Shaders", "Unity.RenderPipelines.Universal.Shaders.Player.csproj", "{7F8B3D10-5384-1E71-55AB-E21200BDE021}"
EndProject
Global
	GlobalSection(SolutionConfigurationPlatforms) = preSolution
		Debug|Any CPU = Debug|Any CPU
		Release|Any CPU = Release|Any CPU
	EndGlobalSection
	GlobalSection(ProjectConfigurationPlatforms) = postSolution
		{1F909E26-200F-6D9D-1F9F-FB41A2444DB7}.Debug|Any CPU.ActiveCfg = Debug|Any CPU
		{1F909E26-200F-6D9D-1F9F-FB41A2444DB7}.Debug|Any CPU.Build.0 = Debug|Any CPU
		{1F909E26-200F-6D9D-1F9F-FB41A2444DB7}.Release|Any CPU.ActiveCfg = Release|Any CPU
		{1F909E26-200F-6D9D-1F9F-FB41A2444DB7}.Release|Any CPU.Build.0 = Release|Any CPU
		{3876045C-9655-DE2C-A26A-F2E707DAACE9}.Debug|Any CPU.ActiveCfg = Debug|Any CPU
		{3876045C-9655-DE2C-A26A-F2E707DAACE9}.Debug|Any CPU.Build.0 = Debug|Any CPU
		{3876045C-9655-DE2C-A26A-F2E707DAACE9}.Release|Any CPU.ActiveCfg = Release|Any CPU
		{3876045C-9655-DE2C-A26A-F2E707DAACE9}.Release|Any CPU.Build.0 = Release|Any CPU
		{77FAE476-7754-BE6A-EE12-097BF35726C3}.Debug|Any CPU.ActiveCfg = Debug|Any CPU
		{77FAE476-7754-BE6A-EE12-097BF35726C3}.Debug|Any CPU.Build.0 = Debug|Any CPU
		{77FAE476-7754-BE6A-EE12-097BF35726C3}.Release|Any CPU.ActiveCfg = Release|Any CPU
		{77FAE476-7754-BE6A-EE12-097BF35726C3}.Release|Any CPU.Build.0 = Release|Any CPU
		{F84744AE-464F-1A24-319C-F03B685B951A}.Debug|Any CPU.ActiveCfg = Debug|Any CPU
		{F84744AE-464F-1A24-319C-F03B685B951A}.Debug|Any CPU.Build.0 = Debug|Any CPU
		{F84744AE-464F-1A24-319C-F03B685B951A}.Release|Any CPU.ActiveCfg = Release|Any CPU
		{F84744AE-464F-1A24-319C-F03B685B951A}.Release|Any CPU.Build.0 = Release|Any CPU
		{BB090F19-BABC-368B-5028-0F8B24A6D181}.Debug|Any CPU.ActiveCfg = Debug|Any CPU
		{BB090F19-BABC-368B-5028-0F8B24A6D181}.Debug|Any CPU.Build.0 = Debug|Any CPU
		{BB090F19-BABC-368B-5028-0F8B24A6D181}.Release|Any CPU.ActiveCfg = Release|Any CPU
		{BB090F19-BABC-368B-5028-0F8B24A6D181}.Release|Any CPU.Build.0 = Release|Any CPU
		{9AD816C0-D63C-88C2-EAE4-8D14AEBE4DDA}.Debug|Any CPU.ActiveCfg = Debug|Any CPU
		{9AD816C0-D63C-88C2-EAE4-8D14AEBE4DDA}.Debug|Any CPU.Build.0 = Debug|Any CPU
		{9AD816C0-D63C-88C2-EAE4-8D14AEBE4DDA}.Release|Any CPU.ActiveCfg = Release|Any CPU
		{9AD816C0-D63C-88C2-EAE4-8D14AEBE4DDA}.Release|Any CPU.Build.0 = Release|Any CPU
		{BABD31C6-E617-B053-4790-71D70F71600E}.Debug|Any CPU.ActiveCfg = Debug|Any CPU
		{BABD31C6-E617-B053-4790-71D70F71600E}.Debug|Any CPU.Build.0 = Debug|Any CPU
		{BABD31C6-E617-B053-4790-71D70F71600E}.Release|Any CPU.ActiveCfg = Release|Any CPU
		{BABD31C6-E617-B053-4790-71D70F71600E}.Release|Any CPU.Build.0 = Release|Any CPU
		{37206178-0168-D7C1-16E4-4B9F31292331}.Debug|Any CPU.ActiveCfg = Debug|Any CPU
		{37206178-0168-D7C1-16E4-4B9F31292331}.Debug|Any CPU.Build.0 = Debug|Any CPU
		{37206178-0168-D7C1-16E4-4B9F31292331}.Release|Any CPU.ActiveCfg = Release|Any CPU
		{37206178-0168-D7C1-16E4-4B9F31292331}.Release|Any CPU.Build.0 = Release|Any CPU
		{6BCB480C-5F26-2B69-4BE1-1BCB42AA0243}.Debug|Any CPU.ActiveCfg = Debug|Any CPU
		{6BCB480C-5F26-2B69-4BE1-1BCB42AA0243}.Debug|Any CPU.Build.0 = Debug|Any CPU
		{6BCB480C-5F26-2B69-4BE1-1BCB42AA0243}.Release|Any CPU.ActiveCfg = Release|Any CPU
		{6BCB480C-5F26-2B69-4BE1-1BCB42AA0243}.Release|Any CPU.Build.0 = Release|Any CPU
		{4FD7FC10-A947-E0F1-C6A6-EA979137C1B7}.Debug|Any CPU.ActiveCfg = Debug|Any CPU
		{4FD7FC10-A947-E0F1-C6A6-EA979137C1B7}.Debug|Any CPU.Build.0 = Debug|Any CPU
		{4FD7FC10-A947-E0F1-C6A6-EA979137C1B7}.Release|Any CPU.ActiveCfg = Release|Any CPU
		{4FD7FC10-A947-E0F1-C6A6-EA979137C1B7}.Release|Any CPU.Build.0 = Release|Any CPU
		{EAFD3C19-B71B-8E5F-B9BF-497E2A5DA1E1}.Debug|Any CPU.ActiveCfg = Debug|Any CPU
		{EAFD3C19-B71B-8E5F-B9BF-497E2A5DA1E1}.Debug|Any CPU.Build.0 = Debug|Any CPU
		{EAFD3C19-B71B-8E5F-B9BF-497E2A5DA1E1}.Release|Any CPU.ActiveCfg = Release|Any CPU
		{EAFD3C19-B71B-8E5F-B9BF-497E2A5DA1E1}.Release|Any CPU.Build.0 = Release|Any CPU
		{ABE0C1E0-CE7D-9762-684D-67D975846664}.Debug|Any CPU.ActiveCfg = Debug|Any CPU
		{ABE0C1E0-CE7D-9762-684D-67D975846664}.Debug|Any CPU.Build.0 = Debug|Any CPU
		{ABE0C1E0-CE7D-9762-684D-67D975846664}.Release|Any CPU.ActiveCfg = Release|Any CPU
		{ABE0C1E0-CE7D-9762-684D-67D975846664}.Release|Any CPU.Build.0 = Release|Any CPU
		{684E933D-BC1B-B3F8-08CA-16612268F60C}.Debug|Any CPU.ActiveCfg = Debug|Any CPU
		{684E933D-BC1B-B3F8-08CA-16612268F60C}.Debug|Any CPU.Build.0 = Debug|Any CPU
		{684E933D-BC1B-B3F8-08CA-16612268F60C}.Release|Any CPU.ActiveCfg = Release|Any CPU
		{684E933D-BC1B-B3F8-08CA-16612268F60C}.Release|Any CPU.Build.0 = Release|Any CPU
		{3FA000A4-97C2-4BF6-6AD1-D19143A4C48C}.Debug|Any CPU.ActiveCfg = Debug|Any CPU
		{3FA000A4-97C2-4BF6-6AD1-D19143A4C48C}.Debug|Any CPU.Build.0 = Debug|Any CPU
		{3FA000A4-97C2-4BF6-6AD1-D19143A4C48C}.Release|Any CPU.ActiveCfg = Release|Any CPU
		{3FA000A4-97C2-4BF6-6AD1-D19143A4C48C}.Release|Any CPU.Build.0 = Release|Any CPU
		{6668A3F1-EF95-A700-C4FB-5AB5CEF24945}.Debug|Any CPU.ActiveCfg = Debug|Any CPU
		{6668A3F1-EF95-A700-C4FB-5AB5CEF24945}.Debug|Any CPU.Build.0 = Debug|Any CPU
		{6668A3F1-EF95-A700-C4FB-5AB5CEF24945}.Release|Any CPU.ActiveCfg = Release|Any CPU
		{6668A3F1-EF95-A700-C4FB-5AB5CEF24945}.Release|Any CPU.Build.0 = Release|Any CPU
		{168EFB2B-3170-82FB-E460-27EAF418E9A2}.Debug|Any CPU.ActiveCfg = Debug|Any CPU
		{168EFB2B-3170-82FB-E460-27EAF418E9A2}.Debug|Any CPU.Build.0 = Debug|Any CPU
		{168EFB2B-3170-82FB-E460-27EAF418E9A2}.Release|Any CPU.ActiveCfg = Release|Any CPU
		{168EFB2B-3170-82FB-E460-27EAF418E9A2}.Release|Any CPU.Build.0 = Release|Any CPU
		{8532F7E9-7EA6-FE39-E9CB-1F3CF24C01A2}.Debug|Any CPU.ActiveCfg = Debug|Any CPU
		{8532F7E9-7EA6-FE39-E9CB-1F3CF24C01A2}.Debug|Any CPU.Build.0 = Debug|Any CPU
		{8532F7E9-7EA6-FE39-E9CB-1F3CF24C01A2}.Release|Any CPU.ActiveCfg = Release|Any CPU
		{8532F7E9-7EA6-FE39-E9CB-1F3CF24C01A2}.Release|Any CPU.Build.0 = Release|Any CPU
		{F13B6F57-9D2A-E030-53A4-BF8914975014}.Debug|Any CPU.ActiveCfg = Debug|Any CPU
		{F13B6F57-9D2A-E030-53A4-BF8914975014}.Debug|Any CPU.Build.0 = Debug|Any CPU
		{F13B6F57-9D2A-E030-53A4-BF8914975014}.Release|Any CPU.ActiveCfg = Release|Any CPU
		{F13B6F57-9D2A-E030-53A4-BF8914975014}.Release|Any CPU.Build.0 = Release|Any CPU
		{6B9E12DB-F5CF-2009-D4BF-C62BDA025B20}.Debug|Any CPU.ActiveCfg = Debug|Any CPU
		{6B9E12DB-F5CF-2009-D4BF-C62BDA025B20}.Debug|Any CPU.Build.0 = Debug|Any CPU
		{6B9E12DB-F5CF-2009-D4BF-C62BDA025B20}.Release|Any CPU.ActiveCfg = Release|Any CPU
		{6B9E12DB-F5CF-2009-D4BF-C62BDA025B20}.Release|Any CPU.Build.0 = Release|Any CPU
		{A6CAEA49-166D-4B31-3882-F03404CE4898}.Debug|Any CPU.ActiveCfg = Debug|Any CPU
		{A6CAEA49-166D-4B31-3882-F03404CE4898}.Debug|Any CPU.Build.0 = Debug|Any CPU
		{A6CAEA49-166D-4B31-3882-F03404CE4898}.Release|Any CPU.ActiveCfg = Release|Any CPU
		{A6CAEA49-166D-4B31-3882-F03404CE4898}.Release|Any CPU.Build.0 = Release|Any CPU
		{1E5FFAC7-079D-D63C-A4EC-9AD5DC458248}.Debug|Any CPU.ActiveCfg = Debug|Any CPU
		{1E5FFAC7-079D-D63C-A4EC-9AD5DC458248}.Debug|Any CPU.Build.0 = Debug|Any CPU
		{1E5FFAC7-079D-D63C-A4EC-9AD5DC458248}.Release|Any CPU.ActiveCfg = Release|Any CPU
		{1E5FFAC7-079D-D63C-A4EC-9AD5DC458248}.Release|Any CPU.Build.0 = Release|Any CPU
		{6E20BE20-0C64-4FB2-18B1-0A923CC09268}.Debug|Any CPU.ActiveCfg = Debug|Any CPU
		{6E20BE20-0C64-4FB2-18B1-0A923CC09268}.Debug|Any CPU.Build.0 = Debug|Any CPU
		{6E20BE20-0C64-4FB2-18B1-0A923CC09268}.Release|Any CPU.ActiveCfg = Release|Any CPU
		{6E20BE20-0C64-4FB2-18B1-0A923CC09268}.Release|Any CPU.Build.0 = Release|Any CPU
		{8FA7FE7E-A04C-5465-A77F-0009D3EB0754}.Debug|Any CPU.ActiveCfg = Debug|Any CPU
		{8FA7FE7E-A04C-5465-A77F-0009D3EB0754}.Debug|Any CPU.Build.0 = Debug|Any CPU
		{8FA7FE7E-A04C-5465-A77F-0009D3EB0754}.Release|Any CPU.ActiveCfg = Release|Any CPU
		{8FA7FE7E-A04C-5465-A77F-0009D3EB0754}.Release|Any CPU.Build.0 = Release|Any CPU
		{B33689E0-190D-338C-27C0-A7B5B553C7CE}.Debug|Any CPU.ActiveCfg = Debug|Any CPU
		{B33689E0-190D-338C-27C0-A7B5B553C7CE}.Debug|Any CPU.Build.0 = Debug|Any CPU
		{B33689E0-190D-338C-27C0-A7B5B553C7CE}.Release|Any CPU.ActiveCfg = Release|Any CPU
		{B33689E0-190D-338C-27C0-A7B5B553C7CE}.Release|Any CPU.Build.0 = Release|Any CPU
		{339AC1B8-9896-4EB6-CF36-B2F2CA063557}.Debug|Any CPU.ActiveCfg = Debug|Any CPU
		{339AC1B8-9896-4EB6-CF36-B2F2CA063557}.Debug|Any CPU.Build.0 = Debug|Any CPU
		{339AC1B8-9896-4EB6-CF36-B2F2CA063557}.Release|Any CPU.ActiveCfg = Release|Any CPU
		{339AC1B8-9896-4EB6-CF36-B2F2CA063557}.Release|Any CPU.Build.0 = Release|Any CPU
		{53115554-E2DB-1D4F-3C65-5425ADCD24B3}.Debug|Any CPU.ActiveCfg = Debug|Any CPU
		{53115554-E2DB-1D4F-3C65-5425ADCD24B3}.Debug|Any CPU.Build.0 = Debug|Any CPU
		{53115554-E2DB-1D4F-3C65-5425ADCD24B3}.Release|Any CPU.ActiveCfg = Release|Any CPU
		{53115554-E2DB-1D4F-3C65-5425ADCD24B3}.Release|Any CPU.Build.0 = Release|Any CPU
		{ECE77C61-31FD-A71C-2465-C36CC78C89F3}.Debug|Any CPU.ActiveCfg = Debug|Any CPU
		{ECE77C61-31FD-A71C-2465-C36CC78C89F3}.Debug|Any CPU.Build.0 = Debug|Any CPU
		{ECE77C61-31FD-A71C-2465-C36CC78C89F3}.Release|Any CPU.ActiveCfg = Release|Any CPU
		{ECE77C61-31FD-A71C-2465-C36CC78C89F3}.Release|Any CPU.Build.0 = Release|Any CPU
		{F823A48B-1377-D575-7344-06ADE8198A2F}.Debug|Any CPU.ActiveCfg = Debug|Any CPU
		{F823A48B-1377-D575-7344-06ADE8198A2F}.Debug|Any CPU.Build.0 = Debug|Any CPU
		{F823A48B-1377-D575-7344-06ADE8198A2F}.Release|Any CPU.ActiveCfg = Release|Any CPU
		{F823A48B-1377-D575-7344-06ADE8198A2F}.Release|Any CPU.Build.0 = Release|Any CPU
		{72990099-C4CA-07C2-B00E-67232CB51651}.Debug|Any CPU.ActiveCfg = Debug|Any CPU
		{72990099-C4CA-07C2-B00E-67232CB51651}.Debug|Any CPU.Build.0 = Debug|Any CPU
		{72990099-C4CA-07C2-B00E-67232CB51651}.Release|Any CPU.ActiveCfg = Release|Any CPU
		{72990099-C4CA-07C2-B00E-67232CB51651}.Release|Any CPU.Build.0 = Release|Any CPU
		{2926EF28-13D8-5381-68D9-BA9CA1DBBF1A}.Debug|Any CPU.ActiveCfg = Debug|Any CPU
		{2926EF28-13D8-5381-68D9-BA9CA1DBBF1A}.Debug|Any CPU.Build.0 = Debug|Any CPU
		{2926EF28-13D8-5381-68D9-BA9CA1DBBF1A}.Release|Any CPU.ActiveCfg = Release|Any CPU
		{2926EF28-13D8-5381-68D9-BA9CA1DBBF1A}.Release|Any CPU.Build.0 = Release|Any CPU
		{B7B02D49-C98B-DBCF-093A-E480C163CD1F}.Debug|Any CPU.ActiveCfg = Debug|Any CPU
		{B7B02D49-C98B-DBCF-093A-E480C163CD1F}.Debug|Any CPU.Build.0 = Debug|Any CPU
		{B7B02D49-C98B-DBCF-093A-E480C163CD1F}.Release|Any CPU.ActiveCfg = Release|Any CPU
		{B7B02D49-C98B-DBCF-093A-E480C163CD1F}.Release|Any CPU.Build.0 = Release|Any CPU
		{245F9940-B6B3-1A1B-EF85-9CB05F8DC567}.Debug|Any CPU.ActiveCfg = Debug|Any CPU
		{245F9940-B6B3-1A1B-EF85-9CB05F8DC567}.Debug|Any CPU.Build.0 = Debug|Any CPU
		{245F9940-B6B3-1A1B-EF85-9CB05F8DC567}.Release|Any CPU.ActiveCfg = Release|Any CPU
		{245F9940-B6B3-1A1B-EF85-9CB05F8DC567}.Release|Any CPU.Build.0 = Release|Any CPU
		{85324276-0C9E-E210-2275-D8011B04E561}.Debug|Any CPU.ActiveCfg = Debug|Any CPU
		{85324276-0C9E-E210-2275-D8011B04E561}.Debug|Any CPU.Build.0 = Debug|Any CPU
		{85324276-0C9E-E210-2275-D8011B04E561}.Release|Any CPU.ActiveCfg = Release|Any CPU
		{85324276-0C9E-E210-2275-D8011B04E561}.Release|Any CPU.Build.0 = Release|Any CPU
		{8E597C44-66DA-9715-E9B5-5F856674EB5A}.Debug|Any CPU.ActiveCfg = Debug|Any CPU
		{8E597C44-66DA-9715-E9B5-5F856674EB5A}.Debug|Any CPU.Build.0 = Debug|Any CPU
		{8E597C44-66DA-9715-E9B5-5F856674EB5A}.Release|Any CPU.ActiveCfg = Release|Any CPU
		{8E597C44-66DA-9715-E9B5-5F856674EB5A}.Release|Any CPU.Build.0 = Release|Any CPU
		{8544BB22-1974-AADE-54F4-F4F18E9A8BB1}.Debug|Any CPU.ActiveCfg = Debug|Any CPU
		{8544BB22-1974-AADE-54F4-F4F18E9A8BB1}.Debug|Any CPU.Build.0 = Debug|Any CPU
		{8544BB22-1974-AADE-54F4-F4F18E9A8BB1}.Release|Any CPU.ActiveCfg = Release|Any CPU
		{8544BB22-1974-AADE-54F4-F4F18E9A8BB1}.Release|Any CPU.Build.0 = Release|Any CPU
		{12219EE6-0258-E7D2-96A2-91DDDF939DDF}.Debug|Any CPU.ActiveCfg = Debug|Any CPU
		{12219EE6-0258-E7D2-96A2-91DDDF939DDF}.Debug|Any CPU.Build.0 = Debug|Any CPU
		{12219EE6-0258-E7D2-96A2-91DDDF939DDF}.Release|Any CPU.ActiveCfg = Release|Any CPU
		{12219EE6-0258-E7D2-96A2-91DDDF939DDF}.Release|Any CPU.Build.0 = Release|Any CPU
		{F4C8DFA9-45B6-64B8-4BDB-965B10048AF3}.Debug|Any CPU.ActiveCfg = Debug|Any CPU
		{F4C8DFA9-45B6-64B8-4BDB-965B10048AF3}.Debug|Any CPU.Build.0 = Debug|Any CPU
		{F4C8DFA9-45B6-64B8-4BDB-965B10048AF3}.Release|Any CPU.ActiveCfg = Release|Any CPU
		{F4C8DFA9-45B6-64B8-4BDB-965B10048AF3}.Release|Any CPU.Build.0 = Release|Any CPU
		{3E63B144-C4B8-724C-F1C0-5F24CD7E2F34}.Debug|Any CPU.ActiveCfg = Debug|Any CPU
		{3E63B144-C4B8-724C-F1C0-5F24CD7E2F34}.Debug|Any CPU.Build.0 = Debug|Any CPU
		{3E63B144-C4B8-724C-F1C0-5F24CD7E2F34}.Release|Any CPU.ActiveCfg = Release|Any CPU
		{3E63B144-C4B8-724C-F1C0-5F24CD7E2F34}.Release|Any CPU.Build.0 = Release|Any CPU
		{0EC64C66-A0CE-0436-040D-7735A40FF052}.Debug|Any CPU.ActiveCfg = Debug|Any CPU
		{0EC64C66-A0CE-0436-040D-7735A40FF052}.Debug|Any CPU.Build.0 = Debug|Any CPU
		{0EC64C66-A0CE-0436-040D-7735A40FF052}.Release|Any CPU.ActiveCfg = Release|Any CPU
		{0EC64C66-A0CE-0436-040D-7735A40FF052}.Release|Any CPU.Build.0 = Release|Any CPU
		{46BBC812-A302-92F5-48A5-A1280EB844B8}.Debug|Any CPU.ActiveCfg = Debug|Any CPU
		{46BBC812-A302-92F5-48A5-A1280EB844B8}.Debug|Any CPU.Build.0 = Debug|Any CPU
		{46BBC812-A302-92F5-48A5-A1280EB844B8}.Release|Any CPU.ActiveCfg = Release|Any CPU
		{46BBC812-A302-92F5-48A5-A1280EB844B8}.Release|Any CPU.Build.0 = Release|Any CPU
		{068D8DDD-F7E3-E309-E8A5-B0ED07F43AC3}.Debug|Any CPU.ActiveCfg = Debug|Any CPU
		{068D8DDD-F7E3-E309-E8A5-B0ED07F43AC3}.Debug|Any CPU.Build.0 = Debug|Any CPU
		{068D8DDD-F7E3-E309-E8A5-B0ED07F43AC3}.Release|Any CPU.ActiveCfg = Release|Any CPU
		{068D8DDD-F7E3-E309-E8A5-B0ED07F43AC3}.Release|Any CPU.Build.0 = Release|Any CPU
		{9DD6D796-8845-C4E9-89E4-6AFCC5B0251C}.Debug|Any CPU.ActiveCfg = Debug|Any CPU
		{9DD6D796-8845-C4E9-89E4-6AFCC5B0251C}.Debug|Any CPU.Build.0 = Debug|Any CPU
		{9DD6D796-8845-C4E9-89E4-6AFCC5B0251C}.Release|Any CPU.ActiveCfg = Release|Any CPU
		{9DD6D796-8845-C4E9-89E4-6AFCC5B0251C}.Release|Any CPU.Build.0 = Release|Any CPU
		{80224A2F-A96E-434E-6AB4-32D50F90FDE2}.Debug|Any CPU.ActiveCfg = Debug|Any CPU
		{80224A2F-A96E-434E-6AB4-32D50F90FDE2}.Debug|Any CPU.Build.0 = Debug|Any CPU
		{80224A2F-A96E-434E-6AB4-32D50F90FDE2}.Release|Any CPU.ActiveCfg = Release|Any CPU
		{80224A2F-A96E-434E-6AB4-32D50F90FDE2}.Release|Any CPU.Build.0 = Release|Any CPU
		{1C4AE1F4-C8D4-0F6F-F246-DF80CE0DAAB6}.Debug|Any CPU.ActiveCfg = Debug|Any CPU
		{1C4AE1F4-C8D4-0F6F-F246-DF80CE0DAAB6}.Debug|Any CPU.Build.0 = Debug|Any CPU
		{1C4AE1F4-C8D4-0F6F-F246-DF80CE0DAAB6}.Release|Any CPU.ActiveCfg = Release|Any CPU
		{1C4AE1F4-C8D4-0F6F-F246-DF80CE0DAAB6}.Release|Any CPU.Build.0 = Release|Any CPU
		{76A6AD52-C2E5-46CD-95F5-2EF398477640}.Debug|Any CPU.ActiveCfg = Debug|Any CPU
		{76A6AD52-C2E5-46CD-95F5-2EF398477640}.Debug|Any CPU.Build.0 = Debug|Any CPU
		{76A6AD52-C2E5-46CD-95F5-2EF398477640}.Release|Any CPU.ActiveCfg = Release|Any CPU
		{76A6AD52-C2E5-46CD-95F5-2EF398477640}.Release|Any CPU.Build.0 = Release|Any CPU
		{54B8957B-EDF3-9E38-36E0-F752FCCE82FB}.Debug|Any CPU.ActiveCfg = Debug|Any CPU
		{54B8957B-EDF3-9E38-36E0-F752FCCE82FB}.Debug|Any CPU.Build.0 = Debug|Any CPU
		{54B8957B-EDF3-9E38-36E0-F752FCCE82FB}.Release|Any CPU.ActiveCfg = Release|Any CPU
		{54B8957B-EDF3-9E38-36E0-F752FCCE82FB}.Release|Any CPU.Build.0 = Release|Any CPU
		{0106E57D-05DE-B8B4-461A-72F36A12DA2D}.Debug|Any CPU.ActiveCfg = Debug|Any CPU
		{0106E57D-05DE-B8B4-461A-72F36A12DA2D}.Debug|Any CPU.Build.0 = Debug|Any CPU
		{0106E57D-05DE-B8B4-461A-72F36A12DA2D}.Release|Any CPU.ActiveCfg = Release|Any CPU
		{0106E57D-05DE-B8B4-461A-72F36A12DA2D}.Release|Any CPU.Build.0 = Release|Any CPU
		{DD46135D-8C4A-2986-6FB4-8A003A1F6C8F}.Debug|Any CPU.ActiveCfg = Debug|Any CPU
		{DD46135D-8C4A-2986-6FB4-8A003A1F6C8F}.Debug|Any CPU.Build.0 = Debug|Any CPU
		{DD46135D-8C4A-2986-6FB4-8A003A1F6C8F}.Release|Any CPU.ActiveCfg = Release|Any CPU
		{DD46135D-8C4A-2986-6FB4-8A003A1F6C8F}.Release|Any CPU.Build.0 = Release|Any CPU
		{8AF5D1E5-E52C-DE08-673A-0E37C7B85736}.Debug|Any CPU.ActiveCfg = Debug|Any CPU
		{8AF5D1E5-E52C-DE08-673A-0E37C7B85736}.Debug|Any CPU.Build.0 = Debug|Any CPU
		{8AF5D1E5-E52C-DE08-673A-0E37C7B85736}.Release|Any CPU.ActiveCfg = Release|Any CPU
		{8AF5D1E5-E52C-DE08-673A-0E37C7B85736}.Release|Any CPU.Build.0 = Release|Any CPU
		{AC826A04-88A1-9670-7265-D556508789FF}.Debug|Any CPU.ActiveCfg = Debug|Any CPU
		{AC826A04-88A1-9670-7265-D556508789FF}.Debug|Any CPU.Build.0 = Debug|Any CPU
		{AC826A04-88A1-9670-7265-D556508789FF}.Release|Any CPU.ActiveCfg = Release|Any CPU
		{AC826A04-88A1-9670-7265-D556508789FF}.Release|Any CPU.Build.0 = Release|Any CPU
		{CDAF6BA2-3EC2-04AD-907B-C50E36C80F4C}.Debug|Any CPU.ActiveCfg = Debug|Any CPU
		{CDAF6BA2-3EC2-04AD-907B-C50E36C80F4C}.Debug|Any CPU.Build.0 = Debug|Any CPU
		{CDAF6BA2-3EC2-04AD-907B-C50E36C80F4C}.Release|Any CPU.ActiveCfg = Release|Any CPU
		{CDAF6BA2-3EC2-04AD-907B-C50E36C80F4C}.Release|Any CPU.Build.0 = Release|Any CPU
		{41A697E9-7C3C-9C25-1458-2B8C6321ED96}.Debug|Any CPU.ActiveCfg = Debug|Any CPU
		{41A697E9-7C3C-9C25-1458-2B8C6321ED96}.Debug|Any CPU.Build.0 = Debug|Any CPU
		{41A697E9-7C3C-9C25-1458-2B8C6321ED96}.Release|Any CPU.ActiveCfg = Release|Any CPU
		{41A697E9-7C3C-9C25-1458-2B8C6321ED96}.Release|Any CPU.Build.0 = Release|Any CPU
		{40A3F150-F62D-9D05-4F15-9A39D90BA3BC}.Debug|Any CPU.ActiveCfg = Debug|Any CPU
		{40A3F150-F62D-9D05-4F15-9A39D90BA3BC}.Debug|Any CPU.Build.0 = Debug|Any CPU
		{40A3F150-F62D-9D05-4F15-9A39D90BA3BC}.Release|Any CPU.ActiveCfg = Release|Any CPU
		{40A3F150-F62D-9D05-4F15-9A39D90BA3BC}.Release|Any CPU.Build.0 = Release|Any CPU
		{C5979A07-1E03-C748-AB2A-B8FBA1517C66}.Debug|Any CPU.ActiveCfg = Debug|Any CPU
		{C5979A07-1E03-C748-AB2A-B8FBA1517C66}.Debug|Any CPU.Build.0 = Debug|Any CPU
		{C5979A07-1E03-C748-AB2A-B8FBA1517C66}.Release|Any CPU.ActiveCfg = Release|Any CPU
		{C5979A07-1E03-C748-AB2A-B8FBA1517C66}.Release|Any CPU.Build.0 = Release|Any CPU
		{53BEEC26-8F0B-8DE9-64FF-48445E7FD116}.Debug|Any CPU.ActiveCfg = Debug|Any CPU
		{53BEEC26-8F0B-8DE9-64FF-48445E7FD116}.Debug|Any CPU.Build.0 = Debug|Any CPU
		{53BEEC26-8F0B-8DE9-64FF-48445E7FD116}.Release|Any CPU.ActiveCfg = Release|Any CPU
		{53BEEC26-8F0B-8DE9-64FF-48445E7FD116}.Release|Any CPU.Build.0 = Release|Any CPU
		{EA49C56E-E401-0B6A-DBD2-02A60DCF951F}.Debug|Any CPU.ActiveCfg = Debug|Any CPU
		{EA49C56E-E401-0B6A-DBD2-02A60DCF951F}.Debug|Any CPU.Build.0 = Debug|Any CPU
		{EA49C56E-E401-0B6A-DBD2-02A60DCF951F}.Release|Any CPU.ActiveCfg = Release|Any CPU
		{EA49C56E-E401-0B6A-DBD2-02A60DCF951F}.Release|Any CPU.Build.0 = Release|Any CPU
		{BE940713-8568-11D1-DB93-911D46174F49}.Debug|Any CPU.ActiveCfg = Debug|Any CPU
		{BE940713-8568-11D1-DB93-911D46174F49}.Debug|Any CPU.Build.0 = Debug|Any CPU
		{BE940713-8568-11D1-DB93-911D46174F49}.Release|Any CPU.ActiveCfg = Release|Any CPU
		{BE940713-8568-11D1-DB93-911D46174F49}.Release|Any CPU.Build.0 = Release|Any CPU
		{D658B494-9E30-B43A-F3FB-B971CFADBD8A}.Debug|Any CPU.ActiveCfg = Debug|Any CPU
		{D658B494-9E30-B43A-F3FB-B971CFADBD8A}.Debug|Any CPU.Build.0 = Debug|Any CPU
		{D658B494-9E30-B43A-F3FB-B971CFADBD8A}.Release|Any CPU.ActiveCfg = Release|Any CPU
		{D658B494-9E30-B43A-F3FB-B971CFADBD8A}.Release|Any CPU.Build.0 = Release|Any CPU
		{5AE24277-B44A-A938-0ED5-6C98194587FF}.Debug|Any CPU.ActiveCfg = Debug|Any CPU
		{5AE24277-B44A-A938-0ED5-6C98194587FF}.Debug|Any CPU.Build.0 = Debug|Any CPU
		{5AE24277-B44A-A938-0ED5-6C98194587FF}.Release|Any CPU.ActiveCfg = Release|Any CPU
		{5AE24277-B44A-A938-0ED5-6C98194587FF}.Release|Any CPU.Build.0 = Release|Any CPU
		{78C724FA-A826-2B2E-575A-75F977D80AE9}.Debug|Any CPU.ActiveCfg = Debug|Any CPU
		{78C724FA-A826-2B2E-575A-75F977D80AE9}.Debug|Any CPU.Build.0 = Debug|Any CPU
		{78C724FA-A826-2B2E-575A-75F977D80AE9}.Release|Any CPU.ActiveCfg = Release|Any CPU
		{78C724FA-A826-2B2E-575A-75F977D80AE9}.Release|Any CPU.Build.0 = Release|Any CPU
		{9ED98D1D-5B54-1435-BB3A-56EE0BCEA99E}.Debug|Any CPU.ActiveCfg = Debug|Any CPU
		{9ED98D1D-5B54-1435-BB3A-56EE0BCEA99E}.Debug|Any CPU.Build.0 = Debug|Any CPU
		{9ED98D1D-5B54-1435-BB3A-56EE0BCEA99E}.Release|Any CPU.ActiveCfg = Release|Any CPU
		{9ED98D1D-5B54-1435-BB3A-56EE0BCEA99E}.Release|Any CPU.Build.0 = Release|Any CPU
		{1C928C4F-390C-0D8A-B24D-C3D34DDE2B42}.Debug|Any CPU.ActiveCfg = Debug|Any CPU
		{1C928C4F-390C-0D8A-B24D-C3D34DDE2B42}.Debug|Any CPU.Build.0 = Debug|Any CPU
		{1C928C4F-390C-0D8A-B24D-C3D34DDE2B42}.Release|Any CPU.ActiveCfg = Release|Any CPU
		{1C928C4F-390C-0D8A-B24D-C3D34DDE2B42}.Release|Any CPU.Build.0 = Release|Any CPU
		{C5CE5776-EB82-019F-7D0F-24AE9B3D7802}.Debug|Any CPU.ActiveCfg = Debug|Any CPU
		{C5CE5776-EB82-019F-7D0F-24AE9B3D7802}.Debug|Any CPU.Build.0 = Debug|Any CPU
		{C5CE5776-EB82-019F-7D0F-24AE9B3D7802}.Release|Any CPU.ActiveCfg = Release|Any CPU
		{C5CE5776-EB82-019F-7D0F-24AE9B3D7802}.Release|Any CPU.Build.0 = Release|Any CPU
		{FEEFAA35-0675-92D4-BDEB-FA79FE585D10}.Debug|Any CPU.ActiveCfg = Debug|Any CPU
		{FEEFAA35-0675-92D4-BDEB-FA79FE585D10}.Debug|Any CPU.Build.0 = Debug|Any CPU
		{FEEFAA35-0675-92D4-BDEB-FA79FE585D10}.Release|Any CPU.ActiveCfg = Release|Any CPU
		{FEEFAA35-0675-92D4-BDEB-FA79FE585D10}.Release|Any CPU.Build.0 = Release|Any CPU
		{C159E2E4-E8C6-B28D-1C70-C896525E3808}.Debug|Any CPU.ActiveCfg = Debug|Any CPU
		{C159E2E4-E8C6-B28D-1C70-C896525E3808}.Debug|Any CPU.Build.0 = Debug|Any CPU
		{C159E2E4-E8C6-B28D-1C70-C896525E3808}.Release|Any CPU.ActiveCfg = Release|Any CPU
		{C159E2E4-E8C6-B28D-1C70-C896525E3808}.Release|Any CPU.Build.0 = Release|Any CPU
		{49C035BD-E6E3-5C50-18C1-89A9B4DF5BC6}.Debug|Any CPU.ActiveCfg = Debug|Any CPU
		{49C035BD-E6E3-5C50-18C1-89A9B4DF5BC6}.Debug|Any CPU.Build.0 = Debug|Any CPU
		{49C035BD-E6E3-5C50-18C1-89A9B4DF5BC6}.Release|Any CPU.ActiveCfg = Release|Any CPU
		{49C035BD-E6E3-5C50-18C1-89A9B4DF5BC6}.Release|Any CPU.Build.0 = Release|Any CPU
		{00E9855F-32A5-CDFE-45FB-8D726CFAF035}.Debug|Any CPU.ActiveCfg = Debug|Any CPU
		{00E9855F-32A5-CDFE-45FB-8D726CFAF035}.Debug|Any CPU.Build.0 = Debug|Any CPU
		{00E9855F-32A5-CDFE-45FB-8D726CFAF035}.Release|Any CPU.ActiveCfg = Release|Any CPU
		{00E9855F-32A5-CDFE-45FB-8D726CFAF035}.Release|Any CPU.Build.0 = Release|Any CPU
		{4C549443-C188-A65F-703F-F6BBF9C81998}.Debug|Any CPU.ActiveCfg = Debug|Any CPU
		{4C549443-C188-A65F-703F-F6BBF9C81998}.Debug|Any CPU.Build.0 = Debug|Any CPU
		{4C549443-C188-A65F-703F-F6BBF9C81998}.Release|Any CPU.ActiveCfg = Release|Any CPU
		{4C549443-C188-A65F-703F-F6BBF9C81998}.Release|Any CPU.Build.0 = Release|Any CPU
		{D17182DC-3FB0-617F-7BD9-9807C301BA41}.Debug|Any CPU.ActiveCfg = Debug|Any CPU
		{D17182DC-3FB0-617F-7BD9-9807C301BA41}.Debug|Any CPU.Build.0 = Debug|Any CPU
		{D17182DC-3FB0-617F-7BD9-9807C301BA41}.Release|Any CPU.ActiveCfg = Release|Any CPU
		{D17182DC-3FB0-617F-7BD9-9807C301BA41}.Release|Any CPU.Build.0 = Release|Any CPU
		{E8264715-8046-2A1C-319E-FCAEA3FD192A}.Debug|Any CPU.ActiveCfg = Debug|Any CPU
		{E8264715-8046-2A1C-319E-FCAEA3FD192A}.Debug|Any CPU.Build.0 = Debug|Any CPU
		{E8264715-8046-2A1C-319E-FCAEA3FD192A}.Release|Any CPU.ActiveCfg = Release|Any CPU
		{E8264715-8046-2A1C-319E-FCAEA3FD192A}.Release|Any CPU.Build.0 = Release|Any CPU
		{7DFE18D2-2998-674F-92BE-0F28E996B158}.Debug|Any CPU.ActiveCfg = Debug|Any CPU
		{7DFE18D2-2998-674F-92BE-0F28E996B158}.Debug|Any CPU.Build.0 = Debug|Any CPU
		{7DFE18D2-2998-674F-92BE-0F28E996B158}.Release|Any CPU.ActiveCfg = Release|Any CPU
		{7DFE18D2-2998-674F-92BE-0F28E996B158}.Release|Any CPU.Build.0 = Release|Any CPU
		{DD171BAE-5FFB-6620-95CE-FC5A1E78CE4E}.Debug|Any CPU.ActiveCfg = Debug|Any CPU
		{DD171BAE-5FFB-6620-95CE-FC5A1E78CE4E}.Debug|Any CPU.Build.0 = Debug|Any CPU
		{DD171BAE-5FFB-6620-95CE-FC5A1E78CE4E}.Release|Any CPU.ActiveCfg = Release|Any CPU
		{DD171BAE-5FFB-6620-95CE-FC5A1E78CE4E}.Release|Any CPU.Build.0 = Release|Any CPU
		{AB778F03-7725-AC90-8DD8-F738A7959FE4}.Debug|Any CPU.ActiveCfg = Debug|Any CPU
		{AB778F03-7725-AC90-8DD8-F738A7959FE4}.Debug|Any CPU.Build.0 = Debug|Any CPU
		{AB778F03-7725-AC90-8DD8-F738A7959FE4}.Release|Any CPU.ActiveCfg = Release|Any CPU
		{AB778F03-7725-AC90-8DD8-F738A7959FE4}.Release|Any CPU.Build.0 = Release|Any CPU
		{E5B7BB8D-3DCA-C8F7-37D3-BA2422D06270}.Debug|Any CPU.ActiveCfg = Debug|Any CPU
		{E5B7BB8D-3DCA-C8F7-37D3-BA2422D06270}.Debug|Any CPU.Build.0 = Debug|Any CPU
		{E5B7BB8D-3DCA-C8F7-37D3-BA2422D06270}.Release|Any CPU.ActiveCfg = Release|Any CPU
		{E5B7BB8D-3DCA-C8F7-37D3-BA2422D06270}.Release|Any CPU.Build.0 = Release|Any CPU
		{0CA87778-48FA-7678-F715-DEAB189FA4DC}.Debug|Any CPU.ActiveCfg = Debug|Any CPU
		{0CA87778-48FA-7678-F715-DEAB189FA4DC}.Debug|Any CPU.Build.0 = Debug|Any CPU
		{0CA87778-48FA-7678-F715-DEAB189FA4DC}.Release|Any CPU.ActiveCfg = Release|Any CPU
		{0CA87778-48FA-7678-F715-DEAB189FA4DC}.Release|Any CPU.Build.0 = Release|Any CPU
		{086142D0-3E6B-D61F-7C3D-7B7D01CC142C}.Debug|Any CPU.ActiveCfg = Debug|Any CPU
		{086142D0-3E6B-D61F-7C3D-7B7D01CC142C}.Debug|Any CPU.Build.0 = Debug|Any CPU
		{086142D0-3E6B-D61F-7C3D-7B7D01CC142C}.Release|Any CPU.ActiveCfg = Release|Any CPU
		{086142D0-3E6B-D61F-7C3D-7B7D01CC142C}.Release|Any CPU.Build.0 = Release|Any CPU
		{67AB54E2-2431-1EAB-BE8D-57E0B77E55C2}.Debug|Any CPU.ActiveCfg = Debug|Any CPU
		{67AB54E2-2431-1EAB-BE8D-57E0B77E55C2}.Debug|Any CPU.Build.0 = Debug|Any CPU
		{67AB54E2-2431-1EAB-BE8D-57E0B77E55C2}.Release|Any CPU.ActiveCfg = Release|Any CPU
		{67AB54E2-2431-1EAB-BE8D-57E0B77E55C2}.Release|Any CPU.Build.0 = Release|Any CPU
		{70F6CC32-052B-DDA5-A27F-CBEF2096F1D9}.Debug|Any CPU.ActiveCfg = Debug|Any CPU
		{70F6CC32-052B-DDA5-A27F-CBEF2096F1D9}.Debug|Any CPU.Build.0 = Debug|Any CPU
		{70F6CC32-052B-DDA5-A27F-CBEF2096F1D9}.Release|Any CPU.ActiveCfg = Release|Any CPU
		{70F6CC32-052B-DDA5-A27F-CBEF2096F1D9}.Release|Any CPU.Build.0 = Release|Any CPU
		{0A648E98-3C7E-9E0B-C929-7ED04BA07343}.Debug|Any CPU.ActiveCfg = Debug|Any CPU
		{0A648E98-3C7E-9E0B-C929-7ED04BA07343}.Debug|Any CPU.Build.0 = Debug|Any CPU
		{0A648E98-3C7E-9E0B-C929-7ED04BA07343}.Release|Any CPU.ActiveCfg = Release|Any CPU
		{0A648E98-3C7E-9E0B-C929-7ED04BA07343}.Release|Any CPU.Build.0 = Release|Any CPU
		{9C488413-0DB8-6334-19AA-D7673BE4E49B}.Debug|Any CPU.ActiveCfg = Debug|Any CPU
		{9C488413-0DB8-6334-19AA-D7673BE4E49B}.Debug|Any CPU.Build.0 = Debug|Any CPU
		{9C488413-0DB8-6334-19AA-D7673BE4E49B}.Release|Any CPU.ActiveCfg = Release|Any CPU
		{9C488413-0DB8-6334-19AA-D7673BE4E49B}.Release|Any CPU.Build.0 = Release|Any CPU
		{811181ED-F252-3545-74E2-1BEDF0842BAD}.Debug|Any CPU.ActiveCfg = Debug|Any CPU
		{811181ED-F252-3545-74E2-1BEDF0842BAD}.Debug|Any CPU.Build.0 = Debug|Any CPU
		{811181ED-F252-3545-74E2-1BEDF0842BAD}.Release|Any CPU.ActiveCfg = Release|Any CPU
		{811181ED-F252-3545-74E2-1BEDF0842BAD}.Release|Any CPU.Build.0 = Release|Any CPU
		{7A3C6B50-953C-1DCD-028A-EEA360764C91}.Debug|Any CPU.ActiveCfg = Debug|Any CPU
		{7A3C6B50-953C-1DCD-028A-EEA360764C91}.Debug|Any CPU.Build.0 = Debug|Any CPU
		{7A3C6B50-953C-1DCD-028A-EEA360764C91}.Release|Any CPU.ActiveCfg = Release|Any CPU
		{7A3C6B50-953C-1DCD-028A-EEA360764C91}.Release|Any CPU.Build.0 = Release|Any CPU
		{E6FCBE4A-B84F-10E0-96B4-85DA5A3079B6}.Debug|Any CPU.ActiveCfg = Debug|Any CPU
		{E6FCBE4A-B84F-10E0-96B4-85DA5A3079B6}.Debug|Any CPU.Build.0 = Debug|Any CPU
		{E6FCBE4A-B84F-10E0-96B4-85DA5A3079B6}.Release|Any CPU.ActiveCfg = Release|Any CPU
		{E6FCBE4A-B84F-10E0-96B4-85DA5A3079B6}.Release|Any CPU.Build.0 = Release|Any CPU
		{FE9E3838-8B38-29CB-1F6C-B28CF0E836DD}.Debug|Any CPU.ActiveCfg = Debug|Any CPU
		{FE9E3838-8B38-29CB-1F6C-B28CF0E836DD}.Debug|Any CPU.Build.0 = Debug|Any CPU
		{FE9E3838-8B38-29CB-1F6C-B28CF0E836DD}.Release|Any CPU.ActiveCfg = Release|Any CPU
		{FE9E3838-8B38-29CB-1F6C-B28CF0E836DD}.Release|Any CPU.Build.0 = Release|Any CPU
		{0E23B923-3701-A60C-D4CD-7B05DB772A5E}.Debug|Any CPU.ActiveCfg = Debug|Any CPU
		{0E23B923-3701-A60C-D4CD-7B05DB772A5E}.Debug|Any CPU.Build.0 = Debug|Any CPU
		{0E23B923-3701-A60C-D4CD-7B05DB772A5E}.Release|Any CPU.ActiveCfg = Release|Any CPU
		{0E23B923-3701-A60C-D4CD-7B05DB772A5E}.Release|Any CPU.Build.0 = Release|Any CPU
		{AE02764C-803B-4156-7C83-39D03D9F6172}.Debug|Any CPU.ActiveCfg = Debug|Any CPU
		{AE02764C-803B-4156-7C83-39D03D9F6172}.Debug|Any CPU.Build.0 = Debug|Any CPU
		{AE02764C-803B-4156-7C83-39D03D9F6172}.Release|Any CPU.ActiveCfg = Release|Any CPU
		{AE02764C-803B-4156-7C83-39D03D9F6172}.Release|Any CPU.Build.0 = Release|Any CPU
		{0297B875-71E5-449D-0769-1DEC32DBFC61}.Debug|Any CPU.ActiveCfg = Debug|Any CPU
		{0297B875-71E5-449D-0769-1DEC32DBFC61}.Debug|Any CPU.Build.0 = Debug|Any CPU
		{0297B875-71E5-449D-0769-1DEC32DBFC61}.Release|Any CPU.ActiveCfg = Release|Any CPU
		{0297B875-71E5-449D-0769-1DEC32DBFC61}.Release|Any CPU.Build.0 = Release|Any CPU
		{54BD20EB-AB45-6F4C-F776-A721608DD199}.Debug|Any CPU.ActiveCfg = Debug|Any CPU
		{54BD20EB-AB45-6F4C-F776-A721608DD199}.Debug|Any CPU.Build.0 = Debug|Any CPU
		{54BD20EB-AB45-6F4C-F776-A721608DD199}.Release|Any CPU.ActiveCfg = Release|Any CPU
		{54BD20EB-AB45-6F4C-F776-A721608DD199}.Release|Any CPU.Build.0 = Release|Any CPU
		{F8735D55-FF1D-8D64-238D-E52AA28AB6EF}.Debug|Any CPU.ActiveCfg = Debug|Any CPU
		{F8735D55-FF1D-8D64-238D-E52AA28AB6EF}.Debug|Any CPU.Build.0 = Debug|Any CPU
		{F8735D55-FF1D-8D64-238D-E52AA28AB6EF}.Release|Any CPU.ActiveCfg = Release|Any CPU
		{F8735D55-FF1D-8D64-238D-E52AA28AB6EF}.Release|Any CPU.Build.0 = Release|Any CPU
		{FE3503CF-AE47-EC9C-5B92-9E071D6C089A}.Debug|Any CPU.ActiveCfg = Debug|Any CPU
		{FE3503CF-AE47-EC9C-5B92-9E071D6C089A}.Debug|Any CPU.Build.0 = Debug|Any CPU
		{FE3503CF-AE47-EC9C-5B92-9E071D6C089A}.Release|Any CPU.ActiveCfg = Release|Any CPU
		{FE3503CF-AE47-EC9C-5B92-9E071D6C089A}.Release|Any CPU.Build.0 = Release|Any CPU
		{595AE98F-7ACF-75CA-EB2B-DDB03FB18983}.Debug|Any CPU.ActiveCfg = Debug|Any CPU
		{595AE98F-7ACF-75CA-EB2B-DDB03FB18983}.Debug|Any CPU.Build.0 = Debug|Any CPU
		{595AE98F-7ACF-75CA-EB2B-DDB03FB18983}.Release|Any CPU.ActiveCfg = Release|Any CPU
		{595AE98F-7ACF-75CA-EB2B-DDB03FB18983}.Release|Any CPU.Build.0 = Release|Any CPU
		{3CD7680E-F489-ABE5-5A03-B0D3A917375C}.Debug|Any CPU.ActiveCfg = Debug|Any CPU
		{3CD7680E-F489-ABE5-5A03-B0D3A917375C}.Debug|Any CPU.Build.0 = Debug|Any CPU
		{3CD7680E-F489-ABE5-5A03-B0D3A917375C}.Release|Any CPU.ActiveCfg = Release|Any CPU
		{3CD7680E-F489-ABE5-5A03-B0D3A917375C}.Release|Any CPU.Build.0 = Release|Any CPU
		{7F8B3D10-5384-1E71-55AB-E21200BDE021}.Debug|Any CPU.ActiveCfg = Debug|Any CPU
		{7F8B3D10-5384-1E71-55AB-E21200BDE021}.Debug|Any CPU.Build.0 = Debug|Any CPU
		{7F8B3D10-5384-1E71-55AB-E21200BDE021}.Release|Any CPU.ActiveCfg = Release|Any CPU
		{7F8B3D10-5384-1E71-55AB-E21200BDE021}.Release|Any CPU.Build.0 = Release|Any CPU
	EndGlobalSection
	GlobalSection(SolutionProperties) = preSolution
		HideSolutionNode = FALSE
	EndGlobalSection
EndGlobal
